{
  "name": "ldcvmgr",
  "version": "0.0.1",
  "lockfileVersion": 1,
  "requires": true,
  "dependencies": {
    "@loadingio/debounce.js": {
      "version": "0.0.1",
      "resolved": "https://registry.npmjs.org/@loadingio/debounce.js/-/debounce.js-0.0.1.tgz",
      "integrity": "sha512-wwu0NJxMaCgcgLZSDMNsT+0CpOu/8+BJWgxN5RgpWnzwm+tAFq+LqiaVlksuE+c+ex6pfcAJIsg8hkiVzQZ0kA==",
      "dev": true
    },
    "@loadingio/ldquery": {
      "version": "1.1.1",
      "resolved": "https://registry.npmjs.org/@loadingio/ldquery/-/ldquery-1.1.1.tgz",
      "integrity": "sha512-WdWWB8FRjcj69mt2p5p9oA+7r2FaBJ0RjbSeMPxmeRl7cJuM5aXf3japCXEsNusW+6vjj/lsJP4UNwYXxShjTw==",
      "dev": true,
      "requires": {
        "node-fetch": "^2.6.1"
      }
    },
    "bootstrap": {
      "version": "4.5.3",
      "resolved": "https://registry.npmjs.org/bootstrap/-/bootstrap-4.5.3.tgz",
      "integrity": "sha512-o9ppKQioXGqhw8Z7mah6KdTYpNQY//tipnkxppWhPbiSWdD+1raYsnhwEZjkTHYbGee4cVQ0Rx65EhOY/HNLcQ==",
      "dev": true
    },
    "bootstrap.ldui": {
      "version": "github:loadingio/bootstrap.ldui#35b692561b7f4f626b5b894b3df12b80206c78a0",
      "from": "github:loadingio/bootstrap.ldui",
      "dev": true
    },
    "bootstrap.native": {
      "version": "3.0.14",
      "resolved": "https://registry.npmjs.org/bootstrap.native/-/bootstrap.native-3.0.14.tgz",
      "integrity": "sha512-G/Lwc0flkp1DLe/EB+w4P7sXaTwym0G8pCQr+3WcfN/rMo8Cat+EUn5ChLUX309X/Z67/VnQGO0peX62jRXc1Q==",
      "dev": true,
      "requires": {
        "minifill": "^0.0.8",
        "shorter-js": "^0.1.7"
      }
    },
    "ldcover": {
      "version": "1.1.0",
      "resolved": "https://registry.npmjs.org/ldcover/-/ldcover-1.1.0.tgz",
      "integrity": "sha512-q8BiE1OZU4uKvH8UJ30OE1lxvyiNpMwwtsS45gIFFPHuH191imxsLle5NvcX4MnpiXvyqfeBN+iX9UHQ3z6kTg==",
      "dev": true
    },
    "ldloader": {
      "version": "1.0.0",
      "resolved": "https://registry.npmjs.org/ldloader/-/ldloader-1.0.0.tgz",
      "integrity": "sha512-xombwY2xrGM0dSIoAsfd8lxc8oUj+1l4D4nHRgTfAEmcKwcIguaHjibj451cX3FcHVy3BSk6YocrlEkoQ9zGNQ==",
      "dev": true
    },
    "ldview": {
      "version": "0.0.2",
      "resolved": "https://registry.npmjs.org/ldview/-/ldview-0.0.2.tgz",
      "integrity": "sha512-Oxor+fTKFShZrc+LssHklueitSeSyUse+xISDGcjH0HP9fPYJ5fcXuLN8pLXaaChd8wFzwtofnji/2ExnCP/mg==",
      "dev": true
    },
    "minifill": {
      "version": "0.0.8",
      "resolved": "https://registry.npmjs.org/minifill/-/minifill-0.0.8.tgz",
      "integrity": "sha512-DOw02Fev6xB40wyie/YJtnIhY0eI+iQ7aBQlSVkOy5OKlFAxob6uG301uvJyMT7F1OeMGfbDexOTabL3uLid1g==",
      "dev": true
    },
    "node-fetch": {
      "version": "2.6.1",
      "resolved": "https://registry.npmjs.org/node-fetch/-/node-fetch-2.6.1.tgz",
      "integrity": "sha512-V4aYg89jEoVRxRb2fJdAg8FHvI7cEyYdVAh94HH0UIK8oJxUfkjlDQN9RbMx+bEjP7+ggMiFRprSti032Oipxw==",
      "dev": true
    },
    "proxise": {
      "version": "0.0.1",
      "resolved": "https://registry.npmjs.org/proxise/-/proxise-0.0.1.tgz",
      "integrity": "sha512-wUSYUnCVYUSpOuOjWIlZPUYVditF3fv8eDwopbhoIWP3RQHJgbdK8Icau6eyKk7Se9IcjIPdFEMICTgUkyzZJQ==",
      "dev": true
    },
    "shorter-js": {
      "version": "0.1.7",
      "resolved": "https://registry.npmjs.org/shorter-js/-/shorter-js-0.1.7.tgz",
      "integrity": "sha512-H7dO5P4a0LndmaRgTsRTHn3Rf2Oy7ocVf6M1ZvYJIIAtOcEnE7lmhQ7bnDzoU22JbN6KR+VgLzhuuSAhMpoxrQ==",
      "dev": true
    }
  }
}
